
Microsoft Visual Studio Solution File, Format Version 12.00
# Visual Studio Version 16
VisualStudioVersion = 16.0.31410.357
MinimumVisualStudioVersion = 10.0.40219.1
Project("{FAE04EC0-301F-11D3-BF4B-00C04F79EFBC}") = "FlappyBird", "FlappyBird\FlappyBird.csproj", "{5D9FDDFB-1747-48E8-9A49-08879F17D242}"
EndProject
Global
	GlobalSection(SolutionConfigurationPlatforms) = preSolution
		Debug|Any CPU = Debug|Any CPU
		Release|Any CPU = Release|Any CPU
	EndGlobalSection
	GlobalSection(ProjectConfigurationPlatforms) = postSolution
		{5D9FDDFB-1747-48E8-9A49-08879F17D242}.Debug|Any CPU.ActiveCfg = Debug|Any CPU
		{5D9FDDFB-1747-48E8-9A49-08879F17D242}.Debug|Any CPU.Build.0 = Debug|Any CPU
		{5D9FDDFB-1747-48E8-9A49-08879F17D242}.Release|Any CPU.ActiveCfg = Release|Any CPU
		{5D9FDDFB-1747-48E8-9A49-08879F17D242}.Release|Any CPU.Build.0 = Release|Any CPU
	EndGlobalSection
	GlobalSection(SolutionProperties) = preSolution
		HideSolutionNode = FALSE
	EndGlobalSection
	GlobalSection(ExtensibilityGlobals) = postSolution
		SolutionGuid = {8B91ED1A-BCB1-4174-B4EB-306887301272}
	EndGlobalSection
EndGlobal
